
Microsoft Visual Studio Solution File, Format Version 12.00
# Visual Studio 15
VisualStudioVersion = 15.0.27703.2035
MinimumVisualStudioVersion = 10.0.40219.1
Project("{FAE04EC0-301F-11D3-BF4B-00C04F79EFBC}") = "WeatherApp", "WeatherApp\WeatherApp.csproj", "{31713D6A-D011-4238-8C3D-831E14724B42}"
EndProject
Global
	GlobalSection(SolutionConfigurationPlatforms) = preSolution
		Debug|Any CPU = Debug|Any CPU
		Release|Any CPU = Release|Any CPU
	EndGlobalSection
	GlobalSection(ProjectConfigurationPlatforms) = postSolution
		{31713D6A-D011-4238-8C3D-831E14724B42}.Debug|Any CPU.ActiveCfg = Debug|Any CPU
		{31713D6A-D011-4238-8C3D-831E14724B42}.Debug|Any CPU.Build.0 = Debug|Any CPU
		{31713D6A-D011-4238-8C3D-831E14724B42}.Release|Any CPU.ActiveCfg = Release|Any CPU
		{31713D6A-D011-4238-8C3D-831E14724B42}.Release|Any CPU.Build.0 = Release|Any CPU
	EndGlobalSection
	GlobalSection(SolutionProperties) = preSolution
		HideSolutionNode = FALSE
	EndGlobalSection
	GlobalSection(ExtensibilityGlobals) = postSolution
		SolutionGuid = {872BB485-B772-4604-9793-8F67C9E60E9A}
	EndGlobalSection
EndGlobal
